
Microsoft Visual Studio Solution File, Format Version 12.00
# Visual Studio 2012
Project("{FAE04EC0-301F-11D3-BF4B-00C04F79EFBC}") = "EzDbCodeGen.Core", "EzDbCodeGen.Core\EzDbCodeGen.Core.csproj", "{FF26A352-48D8-4796-AA99-E0894FFF3206}"
EndProject
Project("{FAE04EC0-301F-11D3-BF4B-00C04F79EFBC}") = "EzDbCodeGen.Cli", "EzDbCodeGen.Cli\EzDbCodeGen.Cli.csproj", "{4844B164-746F-4402-9CF0-092B560A818C}"
EndProject
Global
	GlobalSection(SolutionConfigurationPlatforms) = preSolution
		Debug|Any CPU = Debug|Any CPU
		Release|Any CPU = Release|Any CPU
	EndGlobalSection
	GlobalSection(ProjectConfigurationPlatforms) = postSolution
		{FF26A352-48D8-4796-AA99-E0894FFF3206}.Debug|Any CPU.ActiveCfg = Debug|Any CPU
		{FF26A352-48D8-4796-AA99-E0894FFF3206}.Debug|Any CPU.Build.0 = Debug|Any CPU
		{FF26A352-48D8-4796-AA99-E0894FFF3206}.Release|Any CPU.ActiveCfg = Release|Any CPU
		{FF26A352-48D8-4796-AA99-E0894FFF3206}.Release|Any CPU.Build.0 = Release|Any CPU
		{4844B164-746F-4402-9CF0-092B560A818C}.Debug|Any CPU.ActiveCfg = Debug|Any CPU
		{4844B164-746F-4402-9CF0-092B560A818C}.Debug|Any CPU.Build.0 = Debug|Any CPU
		{4844B164-746F-4402-9CF0-092B560A818C}.Release|Any CPU.ActiveCfg = Release|Any CPU
		{4844B164-746F-4402-9CF0-092B560A818C}.Release|Any CPU.Build.0 = Release|Any CPU
	EndGlobalSection
EndGlobal
