Microsoft Visual Studio Solution File, Format Version 12.00
# Visual Studio 15
VisualStudioVersion = 15.0.27428.2027
MinimumVisualStudioVersion = 10.0.40219.1
Project("{9A19103F-16F7-4668-BE54-9A1E7A4F7556}") = "EzDbCodeGen.Cli", "EzDbCodeGen.Cli\EzDbCodeGen.Cli.csproj", "{4844B164-746F-4402-9CF0-092B560A818C}"
EndProject
Project("{9A19103F-16F7-4668-BE54-9A1E7A4F7556}") = "EzDbCodeGen.Core", "EzDbCodeGen.Core\EzDbCodeGen.Core.csproj", "{89284768-2B22-4B70-A95B-66FFC85DDAFD}"
EndProject
Project("{9A19103F-16F7-4668-BE54-9A1E7A4F7556}") = "EzDbCodeGen.Tests", "EzDbCodeGen.Tests\EzDbCodeGen.Tests.csproj", "{5B90786F-C7CF-4A50-B18C-90F306662927}"
EndProject
Project("{2150E333-8FDC-42A3-9474-1A3956D46DE8}") = "Solution Items", "Solution Items", "{9BD505DD-0BF2-446A-901D-17E171CDC9EA}"
	ProjectSection(SolutionItems) = preProject
		VersionInfo.cs = VersionInfo.cs
	EndProjectSection
EndProject
Global
	GlobalSection(SolutionConfigurationPlatforms) = preSolution
		Debug|Any CPU = Debug|Any CPU
		Release|Any CPU = Release|Any CPU
	EndGlobalSection
	GlobalSection(ProjectConfigurationPlatforms) = postSolution
		{4844B164-746F-4402-9CF0-092B560A818C}.Debug|Any CPU.ActiveCfg = Debug|Any CPU
		{4844B164-746F-4402-9CF0-092B560A818C}.Debug|Any CPU.Build.0 = Debug|Any CPU
		{4844B164-746F-4402-9CF0-092B560A818C}.Release|Any CPU.ActiveCfg = Release|Any CPU
		{4844B164-746F-4402-9CF0-092B560A818C}.Release|Any CPU.Build.0 = Release|Any CPU
		{89284768-2B22-4B70-A95B-66FFC85DDAFD}.Debug|Any CPU.ActiveCfg = Debug|Any CPU
		{89284768-2B22-4B70-A95B-66FFC85DDAFD}.Debug|Any CPU.Build.0 = Debug|Any CPU
		{89284768-2B22-4B70-A95B-66FFC85DDAFD}.Release|Any CPU.ActiveCfg = Release|Any CPU
		{89284768-2B22-4B70-A95B-66FFC85DDAFD}.Release|Any CPU.Build.0 = Release|Any CPU
		{5B90786F-C7CF-4A50-B18C-90F306662927}.Debug|Any CPU.ActiveCfg = Debug|Any CPU
		{5B90786F-C7CF-4A50-B18C-90F306662927}.Debug|Any CPU.Build.0 = Debug|Any CPU
		{5B90786F-C7CF-4A50-B18C-90F306662927}.Release|Any CPU.ActiveCfg = Release|Any CPU
		{5B90786F-C7CF-4A50-B18C-90F306662927}.Release|Any CPU.Build.0 = Release|Any CPU
	EndGlobalSection
	GlobalSection(SolutionProperties) = preSolution
		HideSolutionNode = FALSE
	EndGlobalSection
	GlobalSection(ExtensibilityGlobals) = postSolution
		SolutionGuid = {CCF68AE1-C6F4-4B02-A4BF-15C276C8519F}
	EndGlobalSection
EndGlobal
